
Microsoft Visual Studio Solution File, Format Version 12.00
# Visual Studio 15
VisualStudioVersion = 15.0.28307.271
MinimumVisualStudioVersion = 10.0.40219.1
Project("{FAE04EC0-301F-11D3-BF4B-00C04F79EFBC}") = "LoggerTester", "LoggerTester\LoggerTester.csproj", "{901DE682-1D6B-4794-86EA-8EBDC2FA90FC}"
EndProject
Project("{FAE04EC0-301F-11D3-BF4B-00C04F79EFBC}") = "Logger", "Logger\Logger.csproj", "{FE2B842F-C87C-4919-B3D6-46CCFC22C674}"
EndProject
Global
	GlobalSection(SolutionConfigurationPlatforms) = preSolution
		Debug|Any CPU = Debug|Any CPU
		Release|Any CPU = Release|Any CPU
	EndGlobalSection
	GlobalSection(ProjectConfigurationPlatforms) = postSolution
		{901DE682-1D6B-4794-86EA-8EBDC2FA90FC}.Debug|Any CPU.ActiveCfg = Debug|Any CPU
		{901DE682-1D6B-4794-86EA-8EBDC2FA90FC}.Debug|Any CPU.Build.0 = Debug|Any CPU
		{901DE682-1D6B-4794-86EA-8EBDC2FA90FC}.Release|Any CPU.ActiveCfg = Release|Any CPU
		{901DE682-1D6B-4794-86EA-8EBDC2FA90FC}.Release|Any CPU.Build.0 = Release|Any CPU
		{FE2B842F-C87C-4919-B3D6-46CCFC22C674}.Debug|Any CPU.ActiveCfg = Debug|Any CPU
		{FE2B842F-C87C-4919-B3D6-46CCFC22C674}.Debug|Any CPU.Build.0 = Debug|Any CPU
		{FE2B842F-C87C-4919-B3D6-46CCFC22C674}.Release|Any CPU.ActiveCfg = Release|Any CPU
		{FE2B842F-C87C-4919-B3D6-46CCFC22C674}.Release|Any CPU.Build.0 = Release|Any CPU
	EndGlobalSection
	GlobalSection(SolutionProperties) = preSolution
		HideSolutionNode = FALSE
	EndGlobalSection
	GlobalSection(ExtensibilityGlobals) = postSolution
		SolutionGuid = {8E7A12BD-E6E1-46C2-91AB-08A815706F06}
	EndGlobalSection
EndGlobal
